
Microsoft Visual Studio Solution File, Format Version 12.00
# Visual Studio Version 17
VisualStudioVersion = 17.8.34525.116
MinimumVisualStudioVersion = 10.0.40219.1
Project("{FAE04EC0-301F-11D3-BF4B-00C04F79EFBC}") = "chernyshenkoLab6789", "chernyshenkoLab6789\chernyshenkoLab6789.csproj", "{F39A6144-C47A-4B56-BD48-17EA95CEC5BD}"
EndProject
Global
	GlobalSection(SolutionConfigurationPlatforms) = preSolution
		Debug|Any CPU = Debug|Any CPU
		Release|Any CPU = Release|Any CPU
	EndGlobalSection
	GlobalSection(ProjectConfigurationPlatforms) = postSolution
		{F39A6144-C47A-4B56-BD48-17EA95CEC5BD}.Debug|Any CPU.ActiveCfg = Debug|Any CPU
		{F39A6144-C47A-4B56-BD48-17EA95CEC5BD}.Debug|Any CPU.Build.0 = Debug|Any CPU
		{F39A6144-C47A-4B56-BD48-17EA95CEC5BD}.Release|Any CPU.ActiveCfg = Release|Any CPU
		{F39A6144-C47A-4B56-BD48-17EA95CEC5BD}.Release|Any CPU.Build.0 = Release|Any CPU
	EndGlobalSection
	GlobalSection(SolutionProperties) = preSolution
		HideSolutionNode = FALSE
	EndGlobalSection
	GlobalSection(ExtensibilityGlobals) = postSolution
		SolutionGuid = {ECEE9483-0B5A-448F-9C68-E7887EB703CE}
	EndGlobalSection
EndGlobal
